# This file was autogenerated by Stack.
# You should not edit this file by hand.
# For more information, please see the documentation at:
#   https://docs.haskellstack.org/en/stable/lock_files

packages:
- completed:
    hackage: hakyll-4.9.0.0@sha256:f4a649181c2548d16b58f45a95abd54a3d5f3905da6358aa2ffaefa574a83fc9,9206
    pantry-tree:
      size: 6849
      sha256: a5475a5803c48f897f8be6119ad999b069e23c323db05395a8e041b2d1b1d502
  original:
    hackage: hakyll-4.9.0.0
snapshots:
- completed:
    size: 421684
    url: https://raw.githubusercontent.com/commercialhaskell/stackage-snapshots/master/lts/7/11.yaml
    sha256: 6a3f06a00677a3847dff278381ce73d53d16e2db1234a91af8d26463d93119f0
  original: lts-7.11
